
Microsoft Visual Studio Solution File, Format Version 12.00
Project("{FAE04EC0-301F-11D3-BF4B-00C04F79EFBC}") = "Gamma Correction", "Gamma Correction\Gamma Correction.csproj", "{06475143-A4EB-46C7-9560-3B8E15F98DC7}"
EndProject
Global
	GlobalSection(SolutionConfigurationPlatforms) = preSolution
		Debug|Any CPU = Debug|Any CPU
		Release|Any CPU = Release|Any CPU
	EndGlobalSection
	GlobalSection(ProjectConfigurationPlatforms) = postSolution
		{06475143-A4EB-46C7-9560-3B8E15F98DC7}.Debug|Any CPU.ActiveCfg = Debug|Any CPU
		{06475143-A4EB-46C7-9560-3B8E15F98DC7}.Debug|Any CPU.Build.0 = Debug|Any CPU
		{06475143-A4EB-46C7-9560-3B8E15F98DC7}.Release|Any CPU.ActiveCfg = Release|Any CPU
		{06475143-A4EB-46C7-9560-3B8E15F98DC7}.Release|Any CPU.Build.0 = Release|Any CPU
	EndGlobalSection
EndGlobal
