
Microsoft Visual Studio Solution File, Format Version 12.00
Project("{FAE04EC0-301F-11D3-BF4B-00C04F79EFBC}") = "Assimp", "Assimp\Assimp.csproj", "{5CA36A34-8B11-4D3D-B39A-EC5A4A86575C}"
EndProject
Global
	GlobalSection(SolutionConfigurationPlatforms) = preSolution
		Debug|Any CPU = Debug|Any CPU
		Release|Any CPU = Release|Any CPU
	EndGlobalSection
	GlobalSection(ProjectConfigurationPlatforms) = postSolution
		{5CA36A34-8B11-4D3D-B39A-EC5A4A86575C}.Debug|Any CPU.ActiveCfg = Debug|Any CPU
		{5CA36A34-8B11-4D3D-B39A-EC5A4A86575C}.Debug|Any CPU.Build.0 = Debug|Any CPU
		{5CA36A34-8B11-4D3D-B39A-EC5A4A86575C}.Release|Any CPU.ActiveCfg = Release|Any CPU
		{5CA36A34-8B11-4D3D-B39A-EC5A4A86575C}.Release|Any CPU.Build.0 = Release|Any CPU
	EndGlobalSection
EndGlobal
