
Microsoft Visual Studio Solution File, Format Version 12.00
Project("{FAE04EC0-301F-11D3-BF4B-00C04F79EFBC}") = "Framebuffers", "Framebuffers\Framebuffers.csproj", "{619D9668-EACD-43C4-9B35-66FC8FB94270}"
EndProject
Global
	GlobalSection(SolutionConfigurationPlatforms) = preSolution
		Debug|Any CPU = Debug|Any CPU
		Release|Any CPU = Release|Any CPU
	EndGlobalSection
	GlobalSection(ProjectConfigurationPlatforms) = postSolution
		{619D9668-EACD-43C4-9B35-66FC8FB94270}.Debug|Any CPU.ActiveCfg = Debug|Any CPU
		{619D9668-EACD-43C4-9B35-66FC8FB94270}.Debug|Any CPU.Build.0 = Debug|Any CPU
		{619D9668-EACD-43C4-9B35-66FC8FB94270}.Release|Any CPU.ActiveCfg = Release|Any CPU
		{619D9668-EACD-43C4-9B35-66FC8FB94270}.Release|Any CPU.Build.0 = Release|Any CPU
	EndGlobalSection
EndGlobal
