
Microsoft Visual Studio Solution File, Format Version 12.00
Project("{FAE04EC0-301F-11D3-BF4B-00C04F79EFBC}") = "Mesh", "Mesh\Mesh.csproj", "{029A5C77-32C1-41E7-8E47-FBF584300503}"
EndProject
Global
	GlobalSection(SolutionConfigurationPlatforms) = preSolution
		Debug|Any CPU = Debug|Any CPU
		Release|Any CPU = Release|Any CPU
	EndGlobalSection
	GlobalSection(ProjectConfigurationPlatforms) = postSolution
		{029A5C77-32C1-41E7-8E47-FBF584300503}.Debug|Any CPU.ActiveCfg = Debug|Any CPU
		{029A5C77-32C1-41E7-8E47-FBF584300503}.Debug|Any CPU.Build.0 = Debug|Any CPU
		{029A5C77-32C1-41E7-8E47-FBF584300503}.Release|Any CPU.ActiveCfg = Release|Any CPU
		{029A5C77-32C1-41E7-8E47-FBF584300503}.Release|Any CPU.Build.0 = Release|Any CPU
	EndGlobalSection
EndGlobal
