
Microsoft Visual Studio Solution File, Format Version 12.00
Project("{FAE04EC0-301F-11D3-BF4B-00C04F79EFBC}") = "Textures", "Textures\Textures.csproj", "{A17D720D-D289-4B25-B1F3-4B2942811DB9}"
EndProject
Global
	GlobalSection(SolutionConfigurationPlatforms) = preSolution
		Debug|Any CPU = Debug|Any CPU
		Release|Any CPU = Release|Any CPU
	EndGlobalSection
	GlobalSection(ProjectConfigurationPlatforms) = postSolution
		{A17D720D-D289-4B25-B1F3-4B2942811DB9}.Debug|Any CPU.ActiveCfg = Debug|Any CPU
		{A17D720D-D289-4B25-B1F3-4B2942811DB9}.Debug|Any CPU.Build.0 = Debug|Any CPU
		{A17D720D-D289-4B25-B1F3-4B2942811DB9}.Release|Any CPU.ActiveCfg = Release|Any CPU
		{A17D720D-D289-4B25-B1F3-4B2942811DB9}.Release|Any CPU.Build.0 = Release|Any CPU
	EndGlobalSection
EndGlobal
