
Microsoft Visual Studio Solution File, Format Version 12.00
Project("{FAE04EC0-301F-11D3-BF4B-00C04F79EFBC}") = "Basic Lighting", "Basic Lighting\Basic Lighting.csproj", "{167F08E5-A1E2-4695-9893-0DA2401EBA17}"
EndProject
Global
	GlobalSection(SolutionConfigurationPlatforms) = preSolution
		Debug|Any CPU = Debug|Any CPU
		Release|Any CPU = Release|Any CPU
	EndGlobalSection
	GlobalSection(ProjectConfigurationPlatforms) = postSolution
		{167F08E5-A1E2-4695-9893-0DA2401EBA17}.Debug|Any CPU.ActiveCfg = Debug|Any CPU
		{167F08E5-A1E2-4695-9893-0DA2401EBA17}.Debug|Any CPU.Build.0 = Debug|Any CPU
		{167F08E5-A1E2-4695-9893-0DA2401EBA17}.Release|Any CPU.ActiveCfg = Release|Any CPU
		{167F08E5-A1E2-4695-9893-0DA2401EBA17}.Release|Any CPU.Build.0 = Release|Any CPU
	EndGlobalSection
EndGlobal
