
Microsoft Visual Studio Solution File, Format Version 12.00
Project("{FAE04EC0-301F-11D3-BF4B-00C04F79EFBC}") = "Point Shadows", "Point Shadows\Point Shadows.csproj", "{51EBB3EB-1A48-4976-AE94-76671AEF49F2}"
EndProject
Global
	GlobalSection(SolutionConfigurationPlatforms) = preSolution
		Debug|Any CPU = Debug|Any CPU
		Release|Any CPU = Release|Any CPU
	EndGlobalSection
	GlobalSection(ProjectConfigurationPlatforms) = postSolution
		{51EBB3EB-1A48-4976-AE94-76671AEF49F2}.Debug|Any CPU.ActiveCfg = Debug|Any CPU
		{51EBB3EB-1A48-4976-AE94-76671AEF49F2}.Debug|Any CPU.Build.0 = Debug|Any CPU
		{51EBB3EB-1A48-4976-AE94-76671AEF49F2}.Release|Any CPU.ActiveCfg = Release|Any CPU
		{51EBB3EB-1A48-4976-AE94-76671AEF49F2}.Release|Any CPU.Build.0 = Release|Any CPU
	EndGlobalSection
EndGlobal
