
Microsoft Visual Studio Solution File, Format Version 12.00
Project("{FAE04EC0-301F-11D3-BF4B-00C04F79EFBC}") = "Deferred Shading", "Deferred Shading\Deferred Shading.csproj", "{232D08B7-1B36-4E63-B286-6F4A15917E5B}"
EndProject
Global
	GlobalSection(SolutionConfigurationPlatforms) = preSolution
		Debug|Any CPU = Debug|Any CPU
		Release|Any CPU = Release|Any CPU
	EndGlobalSection
	GlobalSection(ProjectConfigurationPlatforms) = postSolution
		{232D08B7-1B36-4E63-B286-6F4A15917E5B}.Debug|Any CPU.ActiveCfg = Debug|Any CPU
		{232D08B7-1B36-4E63-B286-6F4A15917E5B}.Debug|Any CPU.Build.0 = Debug|Any CPU
		{232D08B7-1B36-4E63-B286-6F4A15917E5B}.Release|Any CPU.ActiveCfg = Release|Any CPU
		{232D08B7-1B36-4E63-B286-6F4A15917E5B}.Release|Any CPU.Build.0 = Release|Any CPU
	EndGlobalSection
EndGlobal
